<?xml version="1.0" encoding="UTF-8" standalone="yes" ?>
<CodeBlocks_project_file>
	<FileVersion major="1" minor="6" />
	<Project>
		<Option title="fx1" />
		<Option pch_mode="2" />
		<Option compiler="gcc" />
		<Build>
			<Target title="Debug">
				<Option output="bin/Debug/fx1" prefix_auto="1" extension_auto="1" />
				<Option object_output="obj/Debug/" />
				<Option type="1" />
				<Option compiler="gcc" />
				<Compiler>
					<Add option="-g" />
					<Add option="-pthread" />
					<Add directory="../fx1" />
					<Add directory="/home/leonardo/Programmi/OSS/oss-v4.2-build2007-src-gpl/include" />
				</Compiler>
				<Linker>
					<Add option="-lpthread" />
					<Add option="-lcurses" />
				</Linker>
			</Target>
			<Target title="Release">
				<Option output="bin/Release/fx1" prefix_auto="1" extension_auto="1" />
				<Option object_output="obj/Release/" />
				<Option type="1" />
				<Option compiler="gcc" />
				<Compiler>
					<Add option="-O2" />
				</Compiler>
				<Linker>
					<Add option="-s" />
				</Linker>
			</Target>
		</Build>
		<Compiler>
			<Add option="-Wall" />
		</Compiler>
		<Unit filename="MULTIFX_FX_class.c">
			<Option compilerVar="CC" />
		</Unit>
		<Unit filename="MULTIFX_FX_class.h" />
		<Unit filename="MULTIFX_FX_library.c">
			<Option compilerVar="CC" />
		</Unit>
		<Unit filename="MULTIFX_FX_library.h" />
		<Unit filename="MULTIFX_FX_library_utils.c">
			<Option compilerVar="CC" />
		</Unit>
		<Unit filename="MULTIFX_FX_library_utils.h" />
		<Unit filename="MULTIFX_OSCILLATOR_class.c">
			<Option compilerVar="CC" />
		</Unit>
		<Unit filename="MULTIFX_OSCILLATOR_class.h" />
		<Unit filename="MULTIFX_defines.h" />
		<Unit filename="MULTIFX_errors.h" />
		<Unit filename="MULTIFX_oss_conf.c">
			<Option compilerVar="CC" />
		</Unit>
		<Unit filename="MULTIFX_oss_conf.h" />
		<Unit filename="MULTIFX_oss_std_cfg.c">
			<Option compilerVar="CC" />
		</Unit>
		<Unit filename="MULTIFX_oss_std_cfg.h" />
		<Unit filename="MULTIFX_oss_utils.c">
			<Option compilerVar="CC" />
		</Unit>
		<Unit filename="MULTIFX_oss_utils.h" />
		<Unit filename="MULTIFX_threads.c">
			<Option compilerVar="CC" />
		</Unit>
		<Unit filename="MULTIFX_threads.h" />
		<Unit filename="MULTIFX_typedef.h" />
		<Unit filename="main.c">
			<Option compilerVar="CC" />
		</Unit>
		<Unit filename="ncurses_UI_class.c">
			<Option compilerVar="CC" />
		</Unit>
		<Unit filename="ncurses_UI_class.h" />
		<Extensions>
			<code_completion />
			<debugger />
		</Extensions>
	</Project>
</CodeBlocks_project_file>
